
Microsoft Visual Studio Solution File, Format Version 12.00
# Visual Studio Version 17
VisualStudioVersion = 17.0.31919.166
MinimumVisualStudioVersion = 10.0.40219.1
Project("{2150E333-8FDC-42A3-9474-1A3956D46DE8}") = "backend", "backend", "{1AE8ACA6-933B-BF2A-3671-3E2EAC007D16}"
EndProject
Project("{2150E333-8FDC-42A3-9474-1A3956D46DE8}") = "src", "src", "{0F9113EE-888A-26D2-68B0-4A7D0A2A8745}"
EndProject
Project("{2150E333-8FDC-42A3-9474-1A3956D46DE8}") = "Business Logic", "Business Logic", "{4094AA28-8C8B-1251-18EC-E61F2ED7D482}"
EndProject
Project("{FAE04EC0-301F-11D3-BF4B-00C04F79EFBC}") = "Business_Logic", "backend\src\Business Logic\Business_Logic.csproj", "{3969A03A-EB6F-4137-80E9-CF68D5209460}"
EndProject
Project("{FAE04EC0-301F-11D3-BF4B-00C04F79EFBC}") = "Application", "backend\src\Application\Application.csproj", "{9AE18D27-FC51-4BCC-9419-C1BA5A205C8C}"
EndProject
Project("{FAE04EC0-301F-11D3-BF4B-00C04F79EFBC}") = "Infrastructure", "backend\src\Infrastructure\Infrastructure.csproj", "{FD8A0181-D245-46A9-B142-C69BE9754963}"
EndProject
Project("{2150E333-8FDC-42A3-9474-1A3956D46DE8}") = "API", "API", "{BA6F7829-E8E0-0751-39EF-2A8D88499F23}"
EndProject
Project("{FAE04EC0-301F-11D3-BF4B-00C04F79EFBC}") = "Api", "backend\src\API\Api.csproj", "{4D60DEA7-0935-45EE-AC16-6516001E54F6}"
EndProject
Global
	GlobalSection(SolutionConfigurationPlatforms) = preSolution
		Debug|Any CPU = Debug|Any CPU
		Debug|x64 = Debug|x64
		Debug|x86 = Debug|x86
		Release|Any CPU = Release|Any CPU
		Release|x64 = Release|x64
		Release|x86 = Release|x86
	EndGlobalSection
	GlobalSection(ProjectConfigurationPlatforms) = postSolution
		{3969A03A-EB6F-4137-80E9-CF68D5209460}.Debug|Any CPU.ActiveCfg = Debug|Any CPU
		{3969A03A-EB6F-4137-80E9-CF68D5209460}.Debug|Any CPU.Build.0 = Debug|Any CPU
		{3969A03A-EB6F-4137-80E9-CF68D5209460}.Debug|x64.ActiveCfg = Debug|Any CPU
		{3969A03A-EB6F-4137-80E9-CF68D5209460}.Debug|x64.Build.0 = Debug|Any CPU
		{3969A03A-EB6F-4137-80E9-CF68D5209460}.Debug|x86.ActiveCfg = Debug|Any CPU
		{3969A03A-EB6F-4137-80E9-CF68D5209460}.Debug|x86.Build.0 = Debug|Any CPU
		{3969A03A-EB6F-4137-80E9-CF68D5209460}.Release|Any CPU.ActiveCfg = Release|Any CPU
		{3969A03A-EB6F-4137-80E9-CF68D5209460}.Release|Any CPU.Build.0 = Release|Any CPU
		{3969A03A-EB6F-4137-80E9-CF68D5209460}.Release|x64.ActiveCfg = Release|Any CPU
		{3969A03A-EB6F-4137-80E9-CF68D5209460}.Release|x64.Build.0 = Release|Any CPU
		{3969A03A-EB6F-4137-80E9-CF68D5209460}.Release|x86.ActiveCfg = Release|Any CPU
		{3969A03A-EB6F-4137-80E9-CF68D5209460}.Release|x86.Build.0 = Release|Any CPU
		{9AE18D27-FC51-4BCC-9419-C1BA5A205C8C}.Debug|Any CPU.ActiveCfg = Debug|Any CPU
		{9AE18D27-FC51-4BCC-9419-C1BA5A205C8C}.Debug|Any CPU.Build.0 = Debug|Any CPU
		{9AE18D27-FC51-4BCC-9419-C1BA5A205C8C}.Debug|x64.ActiveCfg = Debug|Any CPU
		{9AE18D27-FC51-4BCC-9419-C1BA5A205C8C}.Debug|x64.Build.0 = Debug|Any CPU
		{9AE18D27-FC51-4BCC-9419-C1BA5A205C8C}.Debug|x86.ActiveCfg = Debug|Any CPU
		{9AE18D27-FC51-4BCC-9419-C1BA5A205C8C}.Debug|x86.Build.0 = Debug|Any CPU
		{9AE18D27-FC51-4BCC-9419-C1BA5A205C8C}.Release|Any CPU.ActiveCfg = Release|Any CPU
		{9AE18D27-FC51-4BCC-9419-C1BA5A205C8C}.Release|Any CPU.Build.0 = Release|Any CPU
		{9AE18D27-FC51-4BCC-9419-C1BA5A205C8C}.Release|x64.ActiveCfg = Release|Any CPU
		{9AE18D27-FC51-4BCC-9419-C1BA5A205C8C}.Release|x64.Build.0 = Release|Any CPU
		{9AE18D27-FC51-4BCC-9419-C1BA5A205C8C}.Release|x86.ActiveCfg = Release|Any CPU
		{9AE18D27-FC51-4BCC-9419-C1BA5A205C8C}.Release|x86.Build.0 = Release|Any CPU
		{FD8A0181-D245-46A9-B142-C69BE9754963}.Debug|Any CPU.ActiveCfg = Debug|Any CPU
		{FD8A0181-D245-46A9-B142-C69BE9754963}.Debug|Any CPU.Build.0 = Debug|Any CPU
		{FD8A0181-D245-46A9-B142-C69BE9754963}.Debug|x64.ActiveCfg = Debug|Any CPU
		{FD8A0181-D245-46A9-B142-C69BE9754963}.Debug|x64.Build.0 = Debug|Any CPU
		{FD8A0181-D245-46A9-B142-C69BE9754963}.Debug|x86.ActiveCfg = Debug|Any CPU
		{FD8A0181-D245-46A9-B142-C69BE9754963}.Debug|x86.Build.0 = Debug|Any CPU
		{FD8A0181-D245-46A9-B142-C69BE9754963}.Release|Any CPU.ActiveCfg = Release|Any CPU
		{FD8A0181-D245-46A9-B142-C69BE9754963}.Release|Any CPU.Build.0 = Release|Any CPU
		{FD8A0181-D245-46A9-B142-C69BE9754963}.Release|x64.ActiveCfg = Release|Any CPU
		{FD8A0181-D245-46A9-B142-C69BE9754963}.Release|x64.Build.0 = Release|Any CPU
		{FD8A0181-D245-46A9-B142-C69BE9754963}.Release|x86.ActiveCfg = Release|Any CPU
		{FD8A0181-D245-46A9-B142-C69BE9754963}.Release|x86.Build.0 = Release|Any CPU
		{4D60DEA7-0935-45EE-AC16-6516001E54F6}.Debug|Any CPU.ActiveCfg = Debug|Any CPU
		{4D60DEA7-0935-45EE-AC16-6516001E54F6}.Debug|Any CPU.Build.0 = Debug|Any CPU
		{4D60DEA7-0935-45EE-AC16-6516001E54F6}.Debug|x64.ActiveCfg = Debug|Any CPU
		{4D60DEA7-0935-45EE-AC16-6516001E54F6}.Debug|x64.Build.0 = Debug|Any CPU
		{4D60DEA7-0935-45EE-AC16-6516001E54F6}.Debug|x86.ActiveCfg = Debug|Any CPU
		{4D60DEA7-0935-45EE-AC16-6516001E54F6}.Debug|x86.Build.0 = Debug|Any CPU
		{4D60DEA7-0935-45EE-AC16-6516001E54F6}.Release|Any CPU.ActiveCfg = Release|Any CPU
		{4D60DEA7-0935-45EE-AC16-6516001E54F6}.Release|Any CPU.Build.0 = Release|Any CPU
		{4D60DEA7-0935-45EE-AC16-6516001E54F6}.Release|x64.ActiveCfg = Release|Any CPU
		{4D60DEA7-0935-45EE-AC16-6516001E54F6}.Release|x64.Build.0 = Release|Any CPU
		{4D60DEA7-0935-45EE-AC16-6516001E54F6}.Release|x86.ActiveCfg = Release|Any CPU
		{4D60DEA7-0935-45EE-AC16-6516001E54F6}.Release|x86.Build.0 = Release|Any CPU
	EndGlobalSection
	GlobalSection(SolutionProperties) = preSolution
		HideSolutionNode = FALSE
	EndGlobalSection
	GlobalSection(NestedProjects) = preSolution
		{0F9113EE-888A-26D2-68B0-4A7D0A2A8745} = {1AE8ACA6-933B-BF2A-3671-3E2EAC007D16}
		{4094AA28-8C8B-1251-18EC-E61F2ED7D482} = {0F9113EE-888A-26D2-68B0-4A7D0A2A8745}
		{3969A03A-EB6F-4137-80E9-CF68D5209460} = {4094AA28-8C8B-1251-18EC-E61F2ED7D482}
		{9AE18D27-FC51-4BCC-9419-C1BA5A205C8C} = {0F9113EE-888A-26D2-68B0-4A7D0A2A8745}
		{FD8A0181-D245-46A9-B142-C69BE9754963} = {0F9113EE-888A-26D2-68B0-4A7D0A2A8745}
		{BA6F7829-E8E0-0751-39EF-2A8D88499F23} = {0F9113EE-888A-26D2-68B0-4A7D0A2A8745}
		{4D60DEA7-0935-45EE-AC16-6516001E54F6} = {BA6F7829-E8E0-0751-39EF-2A8D88499F23}
	EndGlobalSection
EndGlobal
